
Microsoft Visual Studio Solution File, Format Version 12.00
# Visual Studio Version 16
VisualStudioVersion = 16.0.29920.165
MinimumVisualStudioVersion = 10.0.40219.1
Project("{FAE04EC0-301F-11D3-BF4B-00C04F79EFBC}") = "Fetcher", "Fetcher\Fetcher.csproj", "{8F30F8EC-8033-4D30-903D-2F95767D2826}"
EndProject
Global
	GlobalSection(SolutionConfigurationPlatforms) = preSolution
		Debug|Any CPU = Debug|Any CPU
		Release|Any CPU = Release|Any CPU
	EndGlobalSection
	GlobalSection(ProjectConfigurationPlatforms) = postSolution
		{8F30F8EC-8033-4D30-903D-2F95767D2826}.Debug|Any CPU.ActiveCfg = Debug|Any CPU
		{8F30F8EC-8033-4D30-903D-2F95767D2826}.Debug|Any CPU.Build.0 = Debug|Any CPU
		{8F30F8EC-8033-4D30-903D-2F95767D2826}.Release|Any CPU.ActiveCfg = Release|Any CPU
		{8F30F8EC-8033-4D30-903D-2F95767D2826}.Release|Any CPU.Build.0 = Release|Any CPU
	EndGlobalSection
	GlobalSection(SolutionProperties) = preSolution
		HideSolutionNode = FALSE
	EndGlobalSection
	GlobalSection(ExtensibilityGlobals) = postSolution
		SolutionGuid = {396E892A-F36E-473B-BB3D-6889D04941B4}
	EndGlobalSection
EndGlobal
